
Microsoft Visual Studio Solution File, Format Version 12.00
Project("{FAE04EC0-301F-11D3-BF4B-00C04F79EFBC}") = "DynamoDb.Api", "DynamoDb.Api\DynamoDb.Api.csproj", "{3E07F68E-1564-40B9-9183-63D1E5C7A152}"
EndProject
Project("{FAE04EC0-301F-11D3-BF4B-00C04F79EFBC}") = "ElasticSearch.Api", "ElasticSearch.Api\ElasticSearch.Api.csproj", "{3F9DBDF7-42FF-4929-A7A1-74F1B00505A0}"
EndProject
Global
	GlobalSection(SolutionConfigurationPlatforms) = preSolution
		Debug|Any CPU = Debug|Any CPU
		Release|Any CPU = Release|Any CPU
	EndGlobalSection
	GlobalSection(ProjectConfigurationPlatforms) = postSolution
		{3E07F68E-1564-40B9-9183-63D1E5C7A152}.Debug|Any CPU.ActiveCfg = Debug|Any CPU
		{3E07F68E-1564-40B9-9183-63D1E5C7A152}.Debug|Any CPU.Build.0 = Debug|Any CPU
		{3E07F68E-1564-40B9-9183-63D1E5C7A152}.Release|Any CPU.ActiveCfg = Release|Any CPU
		{3E07F68E-1564-40B9-9183-63D1E5C7A152}.Release|Any CPU.Build.0 = Release|Any CPU
		{3F9DBDF7-42FF-4929-A7A1-74F1B00505A0}.Debug|Any CPU.ActiveCfg = Debug|Any CPU
		{3F9DBDF7-42FF-4929-A7A1-74F1B00505A0}.Debug|Any CPU.Build.0 = Debug|Any CPU
		{3F9DBDF7-42FF-4929-A7A1-74F1B00505A0}.Release|Any CPU.ActiveCfg = Release|Any CPU
		{3F9DBDF7-42FF-4929-A7A1-74F1B00505A0}.Release|Any CPU.Build.0 = Release|Any CPU
	EndGlobalSection
EndGlobal
